# This file is automatically @generated by Cargo.
# It is not intended for manual editing.
version = 4

[[package]]
name = "circle"
version = "0.1.0"
dependencies = [
 "rust-ppm",
]

[[package]]
name = "font8x8"
version = "0.3.1"
source = "registry+https://github.com/rust-lang/crates.io-index"
checksum = "875488b8711a968268c7cf5d139578713097ca4635a76044e8fe8eedf831d07e"

[[package]]
name = "rust-ppm"
version = "0.1.1"
source = "registry+https://github.com/rust-lang/crates.io-index"
checksum = "6710c1039c05367cdb94c9ae3db6beb77d685284363fde80f3b009fe9d2d5d11"
dependencies = [
 "font8x8",
]
